
Microsoft Visual Studio Solution File, Format Version 12.00
# Visual Studio Version 17
VisualStudioVersion = 17.13.35931.197 d17.13
MinimumVisualStudioVersion = 10.0.40219.1
Project("{FAE04EC0-301F-11D3-BF4B-00C04F79EFBC}") = "Portfolio.Web", "Portfolio.Web\Portfolio.Web.csproj", "{2775C757-F520-47E0-AD72-AA92CEB0C343}"
EndProject
Global
	GlobalSection(SolutionConfigurationPlatforms) = preSolution
		Debug|Any CPU = Debug|Any CPU
		Release|Any CPU = Release|Any CPU
	EndGlobalSection
	GlobalSection(ProjectConfigurationPlatforms) = postSolution
		{2775C757-F520-47E0-AD72-AA92CEB0C343}.Debug|Any CPU.ActiveCfg = Debug|Any CPU
		{2775C757-F520-47E0-AD72-AA92CEB0C343}.Debug|Any CPU.Build.0 = Debug|Any CPU
		{2775C757-F520-47E0-AD72-AA92CEB0C343}.Release|Any CPU.ActiveCfg = Release|Any CPU
		{2775C757-F520-47E0-AD72-AA92CEB0C343}.Release|Any CPU.Build.0 = Release|Any CPU
	EndGlobalSection
	GlobalSection(SolutionProperties) = preSolution
		HideSolutionNode = FALSE
	EndGlobalSection
	GlobalSection(ExtensibilityGlobals) = postSolution
		SolutionGuid = {7FF0DEAA-83B0-4D3F-BF6D-69D19DD151E7}
	EndGlobalSection
EndGlobal
